
Microsoft Visual Studio Solution File, Format Version 12.00
# Visual Studio 15
Project("{FAE04EC0-301F-11D3-BF4B-00C04F79EFBC}") = "Assembly-CSharp", "Assembly-CSharp.csproj", "{9A6C6CA5-2EFA-CDF6-FBE8-CBFFDB69D4EB}"
EndProject
Project("{FAE04EC0-301F-11D3-BF4B-00C04F79EFBC}") = "Assembly-CSharp-Editor", "Assembly-CSharp-Editor.csproj", "{4D022BF5-DC53-339C-EA6A-A6DD6A844D94}"
EndProject
Global
	GlobalSection(SolutionConfigurationPlatforms) = preSolution
		Debug|Any CPU = Debug|Any CPU
		Release|Any CPU = Release|Any CPU
	EndGlobalSection
	GlobalSection(ProjectConfigurationPlatforms) = postSolution
		{9A6C6CA5-2EFA-CDF6-FBE8-CBFFDB69D4EB}.Debug|Any CPU.ActiveCfg = Debug|Any CPU
		{9A6C6CA5-2EFA-CDF6-FBE8-CBFFDB69D4EB}.Debug|Any CPU.Build.0 = Debug|Any CPU
		{9A6C6CA5-2EFA-CDF6-FBE8-CBFFDB69D4EB}.Release|Any CPU.ActiveCfg = Release|Any CPU
		{9A6C6CA5-2EFA-CDF6-FBE8-CBFFDB69D4EB}.Release|Any CPU.Build.0 = Release|Any CPU
		{4D022BF5-DC53-339C-EA6A-A6DD6A844D94}.Debug|Any CPU.ActiveCfg = Debug|Any CPU
		{4D022BF5-DC53-339C-EA6A-A6DD6A844D94}.Debug|Any CPU.Build.0 = Debug|Any CPU
		{4D022BF5-DC53-339C-EA6A-A6DD6A844D94}.Release|Any CPU.ActiveCfg = Release|Any CPU
		{4D022BF5-DC53-339C-EA6A-A6DD6A844D94}.Release|Any CPU.Build.0 = Release|Any CPU
	EndGlobalSection
	GlobalSection(SolutionProperties) = preSolution
		HideSolutionNode = FALSE
	EndGlobalSection
EndGlobal
